
Microsoft Visual Studio Solution File, Format Version 12.00
# Visual Studio 15
VisualStudioVersion = 15.0.28010.2041
MinimumVisualStudioVersion = 10.0.40219.1
Project("{FAE04EC0-301F-11D3-BF4B-00C04F79EFBC}") = "LogSender", "LogSender\LogSender.csproj", "{CC24A769-2AF6-4994-A05B-A9F06795CE36}"
EndProject
Project("{FAE04EC0-301F-11D3-BF4B-00C04F79EFBC}") = "LogSender Tests", "LogSender Tests\LogSender Tests.csproj", "{7C7F4D6D-63F1-4818-B8B0-169A55F312DD}"
EndProject
Project("{54435603-DBB4-11D2-8724-00A0C9A8B90C}") = "x64 LogSender Installer", "x64 LogSender Installer\x64 LogSender Installer.vdproj", "{5D8367F3-20B6-4C29-AF87-B80D8E82DDB0}"
EndProject
Project("{54435603-DBB4-11D2-8724-00A0C9A8B90C}") = "x86 LogSender Installer", "x86 LogSender Installer\x86 LogSender Installer.vdproj", "{620A67BE-5410-47EA-8BE4-EF2EE4BE5EEA}"
EndProject
Project("{54435603-DBB4-11D2-8724-00A0C9A8B90C}") = "TestInstaller", "TestInstaller\TestInstaller.vdproj", "{394EF692-8D21-4334-9B26-C35E5B43F841}"
EndProject
Project("{FAE04EC0-301F-11D3-BF4B-00C04F79EFBC}") = "Uninstall", "Uninstall\Uninstall.csproj", "{9254FEAC-D61B-4CF3-B32D-5815FFD6B73F}"
EndProject
Global
	GlobalSection(SolutionConfigurationPlatforms) = preSolution
		Debug|Any CPU = Debug|Any CPU
		Debug|x64 = Debug|x64
		Debug|x86 = Debug|x86
		Release|Any CPU = Release|Any CPU
		Release|x64 = Release|x64
		Release|x86 = Release|x86
	EndGlobalSection
	GlobalSection(ProjectConfigurationPlatforms) = postSolution
		{CC24A769-2AF6-4994-A05B-A9F06795CE36}.Debug|Any CPU.ActiveCfg = Debug|Any CPU
		{CC24A769-2AF6-4994-A05B-A9F06795CE36}.Debug|Any CPU.Build.0 = Debug|Any CPU
		{CC24A769-2AF6-4994-A05B-A9F06795CE36}.Debug|x64.ActiveCfg = Debug|x64
		{CC24A769-2AF6-4994-A05B-A9F06795CE36}.Debug|x64.Build.0 = Debug|x64
		{CC24A769-2AF6-4994-A05B-A9F06795CE36}.Debug|x86.ActiveCfg = Debug|x86
		{CC24A769-2AF6-4994-A05B-A9F06795CE36}.Debug|x86.Build.0 = Debug|x86
		{CC24A769-2AF6-4994-A05B-A9F06795CE36}.Release|Any CPU.ActiveCfg = Release|Any CPU
		{CC24A769-2AF6-4994-A05B-A9F06795CE36}.Release|Any CPU.Build.0 = Release|Any CPU
		{CC24A769-2AF6-4994-A05B-A9F06795CE36}.Release|x64.ActiveCfg = Release|x64
		{CC24A769-2AF6-4994-A05B-A9F06795CE36}.Release|x64.Build.0 = Release|x64
		{CC24A769-2AF6-4994-A05B-A9F06795CE36}.Release|x86.ActiveCfg = Release|x86
		{CC24A769-2AF6-4994-A05B-A9F06795CE36}.Release|x86.Build.0 = Release|x86
		{7C7F4D6D-63F1-4818-B8B0-169A55F312DD}.Debug|Any CPU.ActiveCfg = Debug|Any CPU
		{7C7F4D6D-63F1-4818-B8B0-169A55F312DD}.Debug|Any CPU.Build.0 = Debug|Any CPU
		{7C7F4D6D-63F1-4818-B8B0-169A55F312DD}.Debug|x64.ActiveCfg = Debug|Any CPU
		{7C7F4D6D-63F1-4818-B8B0-169A55F312DD}.Debug|x64.Build.0 = Debug|Any CPU
		{7C7F4D6D-63F1-4818-B8B0-169A55F312DD}.Debug|x86.ActiveCfg = Debug|Any CPU
		{7C7F4D6D-63F1-4818-B8B0-169A55F312DD}.Debug|x86.Build.0 = Debug|Any CPU
		{7C7F4D6D-63F1-4818-B8B0-169A55F312DD}.Release|Any CPU.ActiveCfg = Release|Any CPU
		{7C7F4D6D-63F1-4818-B8B0-169A55F312DD}.Release|x64.ActiveCfg = Release|Any CPU
		{7C7F4D6D-63F1-4818-B8B0-169A55F312DD}.Release|x64.Build.0 = Release|Any CPU
		{7C7F4D6D-63F1-4818-B8B0-169A55F312DD}.Release|x86.ActiveCfg = Release|Any CPU
		{7C7F4D6D-63F1-4818-B8B0-169A55F312DD}.Release|x86.Build.0 = Release|Any CPU
		{5D8367F3-20B6-4C29-AF87-B80D8E82DDB0}.Debug|Any CPU.ActiveCfg = Debug
		{5D8367F3-20B6-4C29-AF87-B80D8E82DDB0}.Debug|x64.ActiveCfg = Debug
		{5D8367F3-20B6-4C29-AF87-B80D8E82DDB0}.Debug|x86.ActiveCfg = Debug
		{5D8367F3-20B6-4C29-AF87-B80D8E82DDB0}.Release|Any CPU.ActiveCfg = Release
		{5D8367F3-20B6-4C29-AF87-B80D8E82DDB0}.Release|Any CPU.Build.0 = Release
		{5D8367F3-20B6-4C29-AF87-B80D8E82DDB0}.Release|x64.ActiveCfg = Release
		{5D8367F3-20B6-4C29-AF87-B80D8E82DDB0}.Release|x86.ActiveCfg = Release
		{620A67BE-5410-47EA-8BE4-EF2EE4BE5EEA}.Debug|Any CPU.ActiveCfg = Debug
		{620A67BE-5410-47EA-8BE4-EF2EE4BE5EEA}.Debug|x64.ActiveCfg = Debug
		{620A67BE-5410-47EA-8BE4-EF2EE4BE5EEA}.Debug|x86.ActiveCfg = Debug
		{620A67BE-5410-47EA-8BE4-EF2EE4BE5EEA}.Release|Any CPU.ActiveCfg = Release
		{620A67BE-5410-47EA-8BE4-EF2EE4BE5EEA}.Release|x64.ActiveCfg = Release
		{620A67BE-5410-47EA-8BE4-EF2EE4BE5EEA}.Release|x86.ActiveCfg = Release
		{394EF692-8D21-4334-9B26-C35E5B43F841}.Debug|Any CPU.ActiveCfg = Debug
		{394EF692-8D21-4334-9B26-C35E5B43F841}.Debug|x64.ActiveCfg = Debug
		{394EF692-8D21-4334-9B26-C35E5B43F841}.Debug|x86.ActiveCfg = Debug
		{394EF692-8D21-4334-9B26-C35E5B43F841}.Release|Any CPU.ActiveCfg = Release
		{394EF692-8D21-4334-9B26-C35E5B43F841}.Release|x64.ActiveCfg = Release
		{394EF692-8D21-4334-9B26-C35E5B43F841}.Release|x86.ActiveCfg = Release
		{9254FEAC-D61B-4CF3-B32D-5815FFD6B73F}.Debug|Any CPU.ActiveCfg = Debug|Any CPU
		{9254FEAC-D61B-4CF3-B32D-5815FFD6B73F}.Debug|Any CPU.Build.0 = Debug|Any CPU
		{9254FEAC-D61B-4CF3-B32D-5815FFD6B73F}.Debug|x64.ActiveCfg = Debug|Any CPU
		{9254FEAC-D61B-4CF3-B32D-5815FFD6B73F}.Debug|x64.Build.0 = Debug|Any CPU
		{9254FEAC-D61B-4CF3-B32D-5815FFD6B73F}.Debug|x86.ActiveCfg = Debug|Any CPU
		{9254FEAC-D61B-4CF3-B32D-5815FFD6B73F}.Debug|x86.Build.0 = Debug|Any CPU
		{9254FEAC-D61B-4CF3-B32D-5815FFD6B73F}.Release|Any CPU.ActiveCfg = Release|Any CPU
		{9254FEAC-D61B-4CF3-B32D-5815FFD6B73F}.Release|Any CPU.Build.0 = Release|Any CPU
		{9254FEAC-D61B-4CF3-B32D-5815FFD6B73F}.Release|x64.ActiveCfg = Release|Any CPU
		{9254FEAC-D61B-4CF3-B32D-5815FFD6B73F}.Release|x64.Build.0 = Release|Any CPU
		{9254FEAC-D61B-4CF3-B32D-5815FFD6B73F}.Release|x86.ActiveCfg = Release|Any CPU
		{9254FEAC-D61B-4CF3-B32D-5815FFD6B73F}.Release|x86.Build.0 = Release|Any CPU
	EndGlobalSection
	GlobalSection(SolutionProperties) = preSolution
		HideSolutionNode = FALSE
	EndGlobalSection
	GlobalSection(ExtensibilityGlobals) = postSolution
		SolutionGuid = {5F708839-EB00-4E61-AAA4-F08FF8005800}
	EndGlobalSection
EndGlobal
